
Microsoft Visual Studio Solution File, Format Version 12.00
# Visual Studio 15
VisualStudioVersion = 15.0.26730.16
MinimumVisualStudioVersion = 10.0.40219.1
Project("{00D1A9C2-B5F0-4AF3-8072-F6C62B433612}") = "BikeDB", "BikeDB\BikeDB.sqlproj", "{3452B8DE-4F88-4D7D-8072-B557C29B1339}"
EndProject
Project("{FAE04EC0-301F-11D3-BF4B-00C04F79EFBC}") = "BikeHiringApp", "BikeHiringApp\BikeHiringApp.csproj", "{F4D33B01-EB58-49F8-906B-4641B46E7AE2}"
EndProject
Global
	GlobalSection(SolutionConfigurationPlatforms) = preSolution
		Debug|Any CPU = Debug|Any CPU
		Release|Any CPU = Release|Any CPU
	EndGlobalSection
	GlobalSection(ProjectConfigurationPlatforms) = postSolution
		{3452B8DE-4F88-4D7D-8072-B557C29B1339}.Debug|Any CPU.ActiveCfg = Debug|Any CPU
		{3452B8DE-4F88-4D7D-8072-B557C29B1339}.Debug|Any CPU.Build.0 = Debug|Any CPU
		{3452B8DE-4F88-4D7D-8072-B557C29B1339}.Debug|Any CPU.Deploy.0 = Debug|Any CPU
		{3452B8DE-4F88-4D7D-8072-B557C29B1339}.Release|Any CPU.ActiveCfg = Release|Any CPU
		{3452B8DE-4F88-4D7D-8072-B557C29B1339}.Release|Any CPU.Build.0 = Release|Any CPU
		{3452B8DE-4F88-4D7D-8072-B557C29B1339}.Release|Any CPU.Deploy.0 = Release|Any CPU
		{F4D33B01-EB58-49F8-906B-4641B46E7AE2}.Debug|Any CPU.ActiveCfg = Debug|Any CPU
		{F4D33B01-EB58-49F8-906B-4641B46E7AE2}.Debug|Any CPU.Build.0 = Debug|Any CPU
		{F4D33B01-EB58-49F8-906B-4641B46E7AE2}.Release|Any CPU.ActiveCfg = Release|Any CPU
		{F4D33B01-EB58-49F8-906B-4641B46E7AE2}.Release|Any CPU.Build.0 = Release|Any CPU
	EndGlobalSection
	GlobalSection(SolutionProperties) = preSolution
		HideSolutionNode = FALSE
	EndGlobalSection
	GlobalSection(ExtensibilityGlobals) = postSolution
		SolutionGuid = {FC2D22BB-D305-4424-8A4C-0BDB9EF70369}
	EndGlobalSection
EndGlobal
